// !$*UTF8*$!
{
	archiveVersion = 1;
	classes = {
	};
	objectVersion = 50;
	objects = {

/* Begin PBXBuildFile section */
		044240B3289D121200E332D9 /* AppDelegate.swift in Sources */ = {isa = PBXBuildFile; fileRef = 044240B2289D121200E332D9 /* AppDelegate.swift */; };
		044240B5289D121200E332D9 /* SceneDelegate.swift in Sources */ = {isa = PBXBuildFile; fileRef = 044240B4289D121200E332D9 /* SceneDelegate.swift */; };
		044240B7289D121200E332D9 /* ViewController.swift in Sources */ = {isa = PBXBuildFile; fileRef = 044240B6289D121200E332D9 /* ViewController.swift */; };
		044240BA289D121200E332D9 /* Main.storyboard in Resources */ = {isa = PBXBuildFile; fileRef = 044240B8289D121200E332D9 /* Main.storyboard */; };
		044240BC289D121500E332D9 /* Assets.xcassets in Resources */ = {isa = PBXBuildFile; fileRef = 044240BB289D121500E332D9 /* Assets.xcassets */; };
		044240BF289D121500E332D9 /* LaunchScreen.storyboard in Resources */ = {isa = PBXBuildFile; fileRef = 044240BD289D121500E332D9 /* LaunchScreen.storyboard */; };
		044240CB289D148200E332D9 /* SafariViewController.swift in Sources */ = {isa = PBXBuildFile; fileRef = 044240C9289D148200E332D9 /* SafariViewController.swift */; };
		044240CC289D148200E332D9 /* SafariViewController.xib in Resources */ = {isa = PBXBuildFile; fileRef = 044240CA289D148200E332D9 /* SafariViewController.xib */; };
/* End PBXBuildFile section */

/* Begin PBXFileReference section */
		044240AF289D121200E332D9 /* DemoWebview.app */ = {isa = PBXFileReference; explicitFileType = wrapper.application; includeInIndex = 0; path = DemoWebview.app; sourceTree = BUILT_PRODUCTS_DIR; };
		044240B2289D121200E332D9 /* AppDelegate.swift */ = {isa = PBXFileReference; lastKnownFileType = sourcecode.swift; path = AppDelegate.swift; sourceTree = "<group>"; };
		044240B4289D121200E332D9 /* SceneDelegate.swift */ = {isa = PBXFileReference; lastKnownFileType = sourcecode.swift; path = SceneDelegate.swift; sourceTree = "<group>"; };
		044240B6289D121200E332D9 /* ViewController.swift */ = {isa = PBXFileReference; lastKnownFileType = sourcecode.swift; path = ViewController.swift; sourceTree = "<group>"; };
		044240B9289D121200E332D9 /* Base */ = {isa = PBXFileReference; lastKnownFileType = file.storyboard; name = Base; path = Base.lproj/Main.storyboard; sourceTree = "<group>"; };
		044240BB289D121500E332D9 /* Assets.xcassets */ = {isa = PBXFileReference; lastKnownFileType = folder.assetcatalog; path = Assets.xcassets; sourceTree = "<group>"; };
		044240BE289D121500E332D9 /* Base */ = {isa = PBXFileReference; lastKnownFileType = file.storyboard; name = Base; path = Base.lproj/LaunchScreen.storyboard; sourceTree = "<group>"; };
		044240C0289D121500E332D9 /* Info.plist */ = {isa = PBXFileReference; lastKnownFileType = text.plist.xml; path = Info.plist; sourceTree = "<group>"; };
		044240C9289D148200E332D9 /* SafariViewController.swift */ = {isa = PBXFileReference; lastKnownFileType = sourcecode.swift; path = SafariViewController.swift; sourceTree = "<group>"; };
		044240CA289D148200E332D9 /* SafariViewController.xib */ = {isa = PBXFileReference; lastKnownFileType = file.xib; path = SafariViewController.xib; sourceTree = "<group>"; };
/* End PBXFileReference section */

/* Begin PBXFrameworksBuildPhase section */
		044240AC289D121200E332D9 /* Frameworks */ = {
			isa = PBXFrameworksBuildPhase;
			buildActionMask = 2147483647;
			files = (
			);
			runOnlyForDeploymentPostprocessing = 0;
		};
/* End PBXFrameworksBuildPhase section */

/* Begin PBXGroup section */
		044240A6289D121200E332D9 = {
			isa = PBXGroup;
			children = (
				044240B1289D121200E332D9 /* DemoWebview */,
				044240B0289D121200E332D9 /* Products */,
			);
			sourceTree = "<group>";
		};
		044240B0289D121200E332D9 /* Products */ = {
			isa = PBXGroup;
			children = (
				044240AF289D121200E332D9 /* DemoWebview.app */,
			);
			name = Products;
			sourceTree = "<group>";
		};
		044240B1289D121200E332D9 /* DemoWebview */ = {
			isa = PBXGroup;
			children = (
				044240C8289D146E00E332D9 /* Safari */,
				044240C7289D145E00E332D9 /* Webkit */,
				044240B2289D121200E332D9 /* AppDelegate.swift */,
				044240B4289D121200E332D9 /* SceneDelegate.swift */,
				044240B8289D121200E332D9 /* Main.storyboard */,
				044240BB289D121500E332D9 /* Assets.xcassets */,
				044240BD289D121500E332D9 /* LaunchScreen.storyboard */,
				044240C0289D121500E332D9 /* Info.plist */,
			);
			path = DemoWebview;
			sourceTree = "<group>";
		};
		044240C7289D145E00E332D9 /* Webkit */ = {
			isa = PBXGroup;
			children = (
				044240B6289D121200E332D9 /* ViewController.swift */,
			);
			path = Webkit;
			sourceTree = "<group>";
		};
		044240C8289D146E00E332D9 /* Safari */ = {
			isa = PBXGroup;
			children = (
				044240C9289D148200E332D9 /* SafariViewController.swift */,
				044240CA289D148200E332D9 /* SafariViewController.xib */,
			);
			path = Safari;
			sourceTree = "<group>";
		};
/* End PBXGroup section */

/* Begin PBXNativeTarget section */
		044240AE289D121200E332D9 /* DemoWebview */ = {
			isa = PBXNativeTarget;
			buildConfigurationList = 044240C3289D121500E332D9 /* Build configuration list for PBXNativeTarget "DemoWebview" */;
			buildPhases = (
				044240AB289D121200E332D9 /* Sources */,
				044240AC289D121200E332D9 /* Frameworks */,
				044240AD289D121200E332D9 /* Resources */,
			);
			buildRules = (
			);
			dependencies = (
			);
			name = DemoWebview;
			productName = DemoWebview;
			productReference = 044240AF289D121200E332D9 /* DemoWebview.app */;
			productType = "com.apple.product-type.application";
		};
/* End PBXNativeTarget section */

/* Begin PBXProject section */
		044240A7289D121200E332D9 /* Project object */ = {
			isa = PBXProject;
			attributes = {
				LastSwiftUpdateCheck = 1240;
				LastUpgradeCheck = 1240;
				TargetAttributes = {
					044240AE289D121200E332D9 = {
						CreatedOnToolsVersion = 12.4;
					};
				};
			};
			buildConfigurationList = 044240AA289D121200E332D9 /* Build configuration list for PBXProject "DemoWebview" */;
			compatibilityVersion = "Xcode 9.3";
			developmentRegion = en;
			hasScannedForEncodings = 0;
			knownRegions = (
				en,
				Base,
			);
			mainGroup = 044240A6289D121200E332D9;
			productRefGroup = 044240B0289D121200E332D9 /* Products */;
			projectDirPath = "";
			projectRoot = "";
			targets = (
				044240AE289D121200E332D9 /* DemoWebview */,
			);
		};
/* End PBXProject section */

/* Begin PBXResourcesBuildPhase section */
		044240AD289D121200E332D9 /* Resources */ = {
			isa = PBXResourcesBuildPhase;
			buildActionMask = 2147483647;
			files = (
				044240BF289D121500E332D9 /* LaunchScreen.storyboard in Resources */,
				044240BC289D121500E332D9 /* Assets.xcassets in Resources */,
				044240CC289D148200E332D9 /* SafariViewController.xib in Resources */,
				044240BA289D121200E332D9 /* Main.storyboard in Resources */,
			);
			runOnlyForDeploymentPostprocessing = 0;
		};
/* End PBXResourcesBuildPhase section */

/* Begin PBXSourcesBuildPhase section */
		044240AB289D121200E332D9 /* Sources */ = {
			isa = PBXSourcesBuildPhase;
			buildActionMask = 2147483647;
			files = (
				044240B7289D121200E332D9 /* ViewController.swift in Sources */,
				044240B3289D121200E332D9 /* AppDelegate.swift in Sources */,
				044240CB289D148200E332D9 /* SafariViewController.swift in Sources */,
				044240B5289D121200E332D9 /* SceneDelegate.swift in Sources */,
			);
			runOnlyForDeploymentPostprocessing = 0;
		};
/* End PBXSourcesBuildPhase section */

/* Begin PBXVariantGroup section */
		044240B8289D121200E332D9 /* Main.storyboard */ = {
			isa = PBXVariantGroup;
			children = (
				044240B9289D121200E332D9 /* Base */,
			);
			name = Main.storyboard;
			sourceTree = "<group>";
		};
		044240BD289D121500E332D9 /* LaunchScreen.storyboard */ = {
			isa = PBXVariantGroup;
			children = (
				044240BE289D121500E332D9 /* Base */,
			);
			name = LaunchScreen.storyboard;
			sourceTree = "<group>";
		};
/* End PBXVariantGroup section */

/* Begin XCBuildConfiguration section */
		044240C1289D121500E332D9 /* Debug */ = {
			isa = XCBuildConfiguration;
			buildSettings = {
				ALWAYS_SEARCH_USER_PATHS = NO;
				CLANG_ANALYZER_NONNULL = YES;
				CLANG_ANALYZER_NUMBER_OBJECT_CONVERSION = YES_AGGRESSIVE;
				CLANG_CXX_LANGUAGE_STANDARD = "gnu++14";
				CLANG_CXX_LIBRARY = "libc++";
				CLANG_ENABLE_MODULES = YES;
				CLANG_ENABLE_OBJC_ARC = YES;
				CLANG_ENABLE_OBJC_WEAK = YES;
				CLANG_WARN_BLOCK_CAPTURE_AUTORELEASING = YES;
				CLANG_WARN_BOOL_CONVERSION = YES;
				CLANG_WARN_COMMA = YES;
				CLANG_WARN_CONSTANT_CONVERSION = YES;
				CLANG_WARN_DEPRECATED_OBJC_IMPLEMENTATIONS = YES;
				CLANG_WARN_DIRECT_OBJC_ISA_USAGE = YES_ERROR;
				CLANG_WARN_DOCUMENTATION_COMMENTS = YES;
				CLANG_WARN_EMPTY_BODY = YES;
				CLANG_WARN_ENUM_CONVERSION = YES;
				CLANG_WARN_INFINITE_RECURSION = YES;
				CLANG_WARN_INT_CONVERSION = YES;
				CLANG_WARN_NON_LITERAL_NULL_CONVERSION = YES;
				CLANG_WARN_OBJC_IMPLICIT_RETAIN_SELF = YES;
				CLANG_WARN_OBJC_LITERAL_CONVERSION = YES;
				CLANG_WARN_OBJC_ROOT_CLASS = YES_ERROR;
				CLANG_WARN_QUOTED_INCLUDE_IN_FRAMEWORK_HEADER = YES;
				CLANG_WARN_RANGE_LOOP_ANALYSIS = YES;
				CLANG_WARN_STRICT_PROTOTYPES = YES;
				CLANG_WARN_SUSPICIOUS_MOVE = YES;
				CLANG_WARN_UNGUARDED_AVAILABILITY = YES_AGGRESSIVE;
				CLANG_WARN_UNREACHABLE_CODE = YES;
				CLANG_WARN__DUPLICATE_METHOD_MATCH = YES;
				COPY_PHASE_STRIP = NO;
				DEBUG_INFORMATION_FORMAT = dwarf;
				ENABLE_STRICT_OBJC_MSGSEND = YES;
				ENABLE_TESTABILITY = YES;
				GCC_C_LANGUAGE_STANDARD = gnu11;
				GCC_DYNAMIC_NO_PIC = NO;
				GCC_NO_COMMON_BLOCKS = YES;
				GCC_OPTIMIZATION_LEVEL = 0;
				GCC_PREPROCESSOR_DEFINITIONS = (
					"DEBUG=1",
					"$(inherited)",
				);
				GCC_WARN_64_TO_32_BIT_CONVERSION = YES;
				GCC_WARN_ABOUT_RETURN_TYPE = YES_ERROR;
				GCC_WARN_UNDECLARED_SELECTOR = YES;
				GCC_WARN_UNINITIALIZED_AUTOS = YES_AGGRESSIVE;
				GCC_WARN_UNUSED_FUNCTION = YES;
				GCC_WARN_UNUSED_VARIABLE = YES;
				IPHONEOS_DEPLOYMENT_TARGET = 14.4;
				MTL_ENABLE_DEBUG_INFO = INCLUDE_SOURCE;
				MTL_FAST_MATH = YES;
				ONLY_ACTIVE_ARCH = YES;
				SDKROOT = iphoneos;
				SWIFT_ACTIVE_COMPILATION_CONDITIONS = DEBUG;
				SWIFT_OPTIMIZATION_LEVEL = "-Onone";
			};
			name = Debug;
		};
		044240C2289D121500E332D9 /* Release */ = {
			isa = XCBuildConfiguration;
			buildSettings = {
				ALWAYS_SEARCH_USER_PATHS = NO;
				CLANG_ANALYZER_NONNULL = YES;
				CLANG_ANALYZER_NUMBER_OBJECT_CONVERSION = YES_AGGRESSIVE;
				CLANG_CXX_LANGUAGE_STANDARD = "gnu++14";
				CLANG_CXX_LIBRARY = "libc++";
				CLANG_ENABLE_MODULES = YES;
				CLANG_ENABLE_OBJC_ARC = YES;
				CLANG_ENABLE_OBJC_WEAK = YES;
				CLANG_WARN_BLOCK_CAPTURE_AUTORELEASING = YES;
				CLANG_WARN_BOOL_CONVERSION = YES;
				CLANG_WARN_COMMA = YES;
				CLANG_WARN_CONSTANT_CONVERSION = YES;
				CLANG_WARN_DEPRECATED_OBJC_IMPLEMENTATIONS = YES;
				CLANG_WARN_DIRECT_OBJC_ISA_USAGE = YES_ERROR;
				CLANG_WARN_DOCUMENTATION_COMMENTS = YES;
				CLANG_WARN_EMPTY_BODY = YES;
				CLANG_WARN_ENUM_CONVERSION = YES;
				CLANG_WARN_INFINITE_RECURSION = YES;
				CLANG_WARN_INT_CONVERSION = YES;
				CLANG_WARN_NON_LITERAL_NULL_CONVERSION = YES;
				CLANG_WARN_OBJC_IMPLICIT_RETAIN_SELF = YES;
				CLANG_WARN_OBJC_LITERAL_CONVERSION = YES;
				CLANG_WARN_OBJC_ROOT_CLASS = YES_ERROR;
				CLANG_WARN_QUOTED_INCLUDE_IN_FRAMEWORK_HEADER = YES;
				CLANG_WARN_RANGE_LOOP_ANALYSIS = YES;
				CLANG_WARN_STRICT_PROTOTYPES = YES;
				CLANG_WARN_SUSPICIOUS_MOVE = YES;
				CLANG_WARN_UNGUARDED_AVAILABILITY = YES_AGGRESSIVE;
				CLANG_WARN_UNREACHABLE_CODE = YES;
				CLANG_WARN__DUPLICATE_METHOD_MATCH = YES;
				COPY_PHASE_STRIP = NO;
				DEBUG_INFORMATION_FORMAT = "dwarf-with-dsym";
				ENABLE_NS_ASSERTIONS = NO;
				ENABLE_STRICT_OBJC_MSGSEND = YES;
				GCC_C_LANGUAGE_STANDARD = gnu11;
				GCC_NO_COMMON_BLOCKS = YES;
				GCC_WARN_64_TO_32_BIT_CONVERSION = YES;
				GCC_WARN_ABOUT_RETURN_TYPE = YES_ERROR;
				GCC_WARN_UNDECLARED_SELECTOR = YES;
				GCC_WARN_UNINITIALIZED_AUTOS = YES_AGGRESSIVE;
				GCC_WARN_UNUSED_FUNCTION = YES;
				GCC_WARN_UNUSED_VARIABLE = YES;
				IPHONEOS_DEPLOYMENT_TARGET = 14.4;
				MTL_ENABLE_DEBUG_INFO = NO;
				MTL_FAST_MATH = YES;
				SDKROOT = iphoneos;
				SWIFT_COMPILATION_MODE = wholemodule;
				SWIFT_OPTIMIZATION_LEVEL = "-O";
				VALIDATE_PRODUCT = YES;
			};
			name = Release;
		};
		044240C4289D121500E332D9 /* Debug */ = {
			isa = XCBuildConfiguration;
			buildSettings = {
				ASSETCATALOG_COMPILER_APPICON_NAME = AppIcon;
				ASSETCATALOG_COMPILER_GLOBAL_ACCENT_COLOR_NAME = AccentColor;
				CODE_SIGN_STYLE = Automatic;
				DEVELOPMENT_TEAM = GL4HTALFYE;
				INFOPLIST_FILE = DemoWebview/Info.plist;
				LD_RUNPATH_SEARCH_PATHS = (
					"$(inherited)",
					"@executable_path/Frameworks",
				);
				PRODUCT_BUNDLE_IDENTIFIER = b.DemoWebview;
				PRODUCT_NAME = "$(TARGET_NAME)";
				SWIFT_VERSION = 5.0;
				TARGETED_DEVICE_FAMILY = "1,2";
			};
			name = Debug;
		};
		044240C5289D121500E332D9 /* Release */ = {
			isa = XCBuildConfiguration;
			buildSettings = {
				ASSETCATALOG_COMPILER_APPICON_NAME = AppIcon;
				ASSETCATALOG_COMPILER_GLOBAL_ACCENT_COLOR_NAME = AccentColor;
				CODE_SIGN_STYLE = Automatic;
				DEVELOPMENT_TEAM = GL4HTALFYE;
				INFOPLIST_FILE = DemoWebview/Info.plist;
				LD_RUNPATH_SEARCH_PATHS = (
					"$(inherited)",
					"@executable_path/Frameworks",
				);
				PRODUCT_BUNDLE_IDENTIFIER = b.DemoWebview;
				PRODUCT_NAME = "$(TARGET_NAME)";
				SWIFT_VERSION = 5.0;
				TARGETED_DEVICE_FAMILY = "1,2";
			};
			name = Release;
		};
/* End XCBuildConfiguration section */

/* Begin XCConfigurationList section */
		044240AA289D121200E332D9 /* Build configuration list for PBXProject "DemoWebview" */ = {
			isa = XCConfigurationList;
			buildConfigurations = (
				044240C1289D121500E332D9 /* Debug */,
				044240C2289D121500E332D9 /* Release */,
			);
			defaultConfigurationIsVisible = 0;
			defaultConfigurationName = Release;
		};
		044240C3289D121500E332D9 /* Build configuration list for PBXNativeTarget "DemoWebview" */ = {
			isa = XCConfigurationList;
			buildConfigurations = (
				044240C4289D121500E332D9 /* Debug */,
				044240C5289D121500E332D9 /* Release */,
			);
			defaultConfigurationIsVisible = 0;
			defaultConfigurationName = Release;
		};
/* End XCConfigurationList section */
	};
	rootObject = 044240A7289D121200E332D9 /* Project object */;
}
